
Microsoft Visual Studio Solution File, Format Version 12.00
# Visual Studio Version 17
VisualStudioVersion = 17.4.33213.308
MinimumVisualStudioVersion = 10.0.40219.1
Project("{FAE04EC0-301F-11D3-BF4B-00C04F79EFBC}") = "Kişi bilgisi kayıt defteri", "Kişi bilgisi kayıt defteri.csproj", "{DF061855-5EFC-4E65-81FE-1B8F2C0C76FF}"
EndProject
Global
	GlobalSection(SolutionConfigurationPlatforms) = preSolution
		Debug|Any CPU = Debug|Any CPU
		Release|Any CPU = Release|Any CPU
	EndGlobalSection
	GlobalSection(ProjectConfigurationPlatforms) = postSolution
		{DF061855-5EFC-4E65-81FE-1B8F2C0C76FF}.Debug|Any CPU.ActiveCfg = Debug|Any CPU
		{DF061855-5EFC-4E65-81FE-1B8F2C0C76FF}.Debug|Any CPU.Build.0 = Debug|Any CPU
		{DF061855-5EFC-4E65-81FE-1B8F2C0C76FF}.Release|Any CPU.ActiveCfg = Release|Any CPU
		{DF061855-5EFC-4E65-81FE-1B8F2C0C76FF}.Release|Any CPU.Build.0 = Release|Any CPU
	EndGlobalSection
	GlobalSection(SolutionProperties) = preSolution
		HideSolutionNode = FALSE
	EndGlobalSection
	GlobalSection(ExtensibilityGlobals) = postSolution
		SolutionGuid = {CD3AFB3F-FD98-4D9F-814E-9EA43EE84FD4}
	EndGlobalSection
EndGlobal
